<?xml version="1.0" encoding="utf-8"?>
<Project ToolsVersion="4.0" xmlns="http://schemas.microsoft.com/developer/msbuild/2003">
  <ItemGroup>
    <Filter Include="Quelldateien">
      <UniqueIdentifier>{4FC737F1-C7A5-4376-A066-2A32D752A2FF}</UniqueIdentifier>
      <Extensions>cpp;c;cc;cxx;def;odl;idl;hpj;bat;asm;asmx</Extensions>
    </Filter>
    <Filter Include="Headerdateien">
      <UniqueIdentifier>{93995380-89BD-4b04-88EB-625FBE52EBFB}</UniqueIdentifier>
      <Extensions>h;hh;hpp;hxx;hm;inl;inc;xsd</Extensions>
    </Filter>
    <Filter Include="Ressourcendateien">
      <UniqueIdentifier>{67DA6AB6-F800-4c08-8B7A-83BB121AAD01}</UniqueIdentifier>
      <Extensions>rc;ico;cur;bmp;dlg;rc2;rct;bin;rgs;gif;jpg;jpeg;jpe;resx;tiff;tif;png;wav;mfcribbon-ms</Extensions>
    </Filter>
    <Filter Include="Quelldateien\Application">
      <UniqueIdentifier>{4eb05efe-31b7-4738-9cbb-67856317c095}</UniqueIdentifier>
    </Filter>
    <Filter Include="Headerdateien\Application">
      <UniqueIdentifier>{92ffea23-b832-4042-a145-543f0af0b3b0}</UniqueIdentifier>
    </Filter>
    <Filter Include="Headerdateien\Application\WorldGenerator">
      <UniqueIdentifier>{41766f91-f740-4e80-a954-c8c88a650b86}</UniqueIdentifier>
    </Filter>
    <Filter Include="Quelldateien\Application\WorldGenerator">
      <UniqueIdentifier>{80934051-b93d-4b14-af66-a6f4948210ba}</UniqueIdentifier>
    </Filter>
    <Filter Include="Headerdateien\IVoxelTerrainSceneNode">
      <UniqueIdentifier>{ebbf87ed-9851-4844-89df-df1edd3d2cd8}</UniqueIdentifier>
    </Filter>
    <Filter Include="Quelldateien\IVoxelTerrainSceneNode">
      <UniqueIdentifier>{0fd4ab4f-00ef-4ca2-a12a-ac70aa00e1c8}</UniqueIdentifier>
    </Filter>
  </ItemGroup>
  <ItemGroup>
    <ClCompile Include="code\main.cpp">
      <Filter>Quelldateien</Filter>
    </ClCompile>
    <ClCompile Include="code\Application\Application.cpp">
      <Filter>Quelldateien\Application</Filter>
    </ClCompile>
    <ClCompile Include="code\Application\WorldGenerator\WorldGenerator.cpp">
      <Filter>Quelldateien\Application\WorldGenerator</Filter>
    </ClCompile>
    <ClCompile Include="code\IVoxelTerrainSceneNode\IVoxelTerrainSceneNode.cpp">
      <Filter>Quelldateien\IVoxelTerrainSceneNode</Filter>
    </ClCompile>
  </ItemGroup>
  <ItemGroup>
    <ClInclude Include="code\Application\Application.h">
      <Filter>Headerdateien\Application</Filter>
    </ClInclude>
    <ClInclude Include="code\Application\WorldGenerator\WorldGenerator.h">
      <Filter>Headerdateien\Application\WorldGenerator</Filter>
    </ClInclude>
    <ClInclude Include="code\IVoxelTerrainSceneNode\IVoxelTerrainSceneNode.h">
      <Filter>Headerdateien\IVoxelTerrainSceneNode</Filter>
    </ClInclude>
  </ItemGroup>
  <ItemGroup>
    <Text Include="..\Debug\Config.txt">
      <Filter>Headerdateien</Filter>
    </Text>
  </ItemGroup>
</Project>